
Microsoft Visual Studio Solution File, Format Version 12.00
# Visual Studio Version 16
VisualStudioVersion = 16.0.30406.217
MinimumVisualStudioVersion = 10.0.40219.1
Project("{FAE04EC0-301F-11D3-BF4B-00C04F79EFBC}") = "Newtryx Limited", "Newtryx Limited\Newtryx Limited.csproj", "{8F64199C-7E04-45E2-85F5-36F4D31141D7}"
EndProject
Project("{FAE04EC0-301F-11D3-BF4B-00C04F79EFBC}") = "Newtryx.BI", "Newtryx.BI\Newtryx.BI.csproj", "{67B13C51-8A04-4AEE-9704-C890FDE27F3E}"
EndProject
Project("{FAE04EC0-301F-11D3-BF4B-00C04F79EFBC}") = "Newtryx.BO", "Newtryx.BO\Newtryx.BO.csproj", "{0A4C4E63-12EE-43CF-8BDD-A8CBCBFF6492}"
EndProject
Global
	GlobalSection(SolutionConfigurationPlatforms) = preSolution
		Debug|Any CPU = Debug|Any CPU
		Release|Any CPU = Release|Any CPU
	EndGlobalSection
	GlobalSection(ProjectConfigurationPlatforms) = postSolution
		{8F64199C-7E04-45E2-85F5-36F4D31141D7}.Debug|Any CPU.ActiveCfg = Debug|Any CPU
		{8F64199C-7E04-45E2-85F5-36F4D31141D7}.Debug|Any CPU.Build.0 = Debug|Any CPU
		{8F64199C-7E04-45E2-85F5-36F4D31141D7}.Release|Any CPU.ActiveCfg = Release|Any CPU
		{8F64199C-7E04-45E2-85F5-36F4D31141D7}.Release|Any CPU.Build.0 = Release|Any CPU
		{67B13C51-8A04-4AEE-9704-C890FDE27F3E}.Debug|Any CPU.ActiveCfg = Debug|Any CPU
		{67B13C51-8A04-4AEE-9704-C890FDE27F3E}.Debug|Any CPU.Build.0 = Debug|Any CPU
		{67B13C51-8A04-4AEE-9704-C890FDE27F3E}.Release|Any CPU.ActiveCfg = Release|Any CPU
		{67B13C51-8A04-4AEE-9704-C890FDE27F3E}.Release|Any CPU.Build.0 = Release|Any CPU
		{0A4C4E63-12EE-43CF-8BDD-A8CBCBFF6492}.Debug|Any CPU.ActiveCfg = Debug|Any CPU
		{0A4C4E63-12EE-43CF-8BDD-A8CBCBFF6492}.Debug|Any CPU.Build.0 = Debug|Any CPU
		{0A4C4E63-12EE-43CF-8BDD-A8CBCBFF6492}.Release|Any CPU.ActiveCfg = Release|Any CPU
		{0A4C4E63-12EE-43CF-8BDD-A8CBCBFF6492}.Release|Any CPU.Build.0 = Release|Any CPU
	EndGlobalSection
	GlobalSection(SolutionProperties) = preSolution
		HideSolutionNode = FALSE
	EndGlobalSection
	GlobalSection(ExtensibilityGlobals) = postSolution
		EnterpriseLibraryConfigurationToolBinariesPath = packages\Unity.2.1.505.0\lib\NET35
		SolutionGuid = {2B79FBD4-BA83-4517-9BB8-B4FAF18FB3B8}
	EndGlobalSection
EndGlobal
